// !$*UTF8*$!
{
	archiveVersion = 1;
	classes = {
	};
	objectVersion = 50;
	objects = {

/* Begin PBXBuildFile section */
		0249AF78E0B4B8CFE6862414 /* Pods_SocialAppCleanSwift_SocialAppCleanSwiftUITests.framework in Frameworks */ = {isa = PBXBuildFile; fileRef = 2CB9F03D6D9BA4C2464FE8FE /* Pods_SocialAppCleanSwift_SocialAppCleanSwiftUITests.framework */; };
		24CF03FD256FBFFE00F92B49 /* AppDelegate.swift in Sources */ = {isa = PBXBuildFile; fileRef = 24CF03FC256FBFFE00F92B49 /* AppDelegate.swift */; };
		24CF03FF256FBFFE00F92B49 /* SceneDelegate.swift in Sources */ = {isa = PBXBuildFile; fileRef = 24CF03FE256FBFFE00F92B49 /* SceneDelegate.swift */; };
		24CF0401256FBFFE00F92B49 /* ViewController.swift in Sources */ = {isa = PBXBuildFile; fileRef = 24CF0400256FBFFE00F92B49 /* ViewController.swift */; };
		24CF0406256FC00000F92B49 /* Assets.xcassets in Resources */ = {isa = PBXBuildFile; fileRef = 24CF0405256FC00000F92B49 /* Assets.xcassets */; };
		24CF0409256FC00000F92B49 /* LaunchScreen.storyboard in Resources */ = {isa = PBXBuildFile; fileRef = 24CF0407256FC00000F92B49 /* LaunchScreen.storyboard */; };
		24CF0414256FC00000F92B49 /* SocialAppCleanSwiftTests.swift in Sources */ = {isa = PBXBuildFile; fileRef = 24CF0413256FC00000F92B49 /* SocialAppCleanSwiftTests.swift */; };
		24CF041F256FC00000F92B49 /* SocialAppCleanSwiftUITests.swift in Sources */ = {isa = PBXBuildFile; fileRef = 24CF041E256FC00000F92B49 /* SocialAppCleanSwiftUITests.swift */; };
		315B797A157BB4B8BB4F8A8F /* Pods_SocialAppCleanSwift.framework in Frameworks */ = {isa = PBXBuildFile; fileRef = 26B660C27D743F8B66039406 /* Pods_SocialAppCleanSwift.framework */; };
		7E1500FE91579E279B8DDAE0 /* Pods_SocialAppCleanSwiftTests.framework in Frameworks */ = {isa = PBXBuildFile; fileRef = 12715154AEB87DA1D221F984 /* Pods_SocialAppCleanSwiftTests.framework */; };
/* End PBXBuildFile section */

/* Begin PBXContainerItemProxy section */
		24CF0410256FC00000F92B49 /* PBXContainerItemProxy */ = {
			isa = PBXContainerItemProxy;
			containerPortal = 24CF03F1256FBFFE00F92B49 /* Project object */;
			proxyType = 1;
			remoteGlobalIDString = 24CF03F8256FBFFE00F92B49;
			remoteInfo = SocialAppCleanSwift;
		};
		24CF041B256FC00000F92B49 /* PBXContainerItemProxy */ = {
			isa = PBXContainerItemProxy;
			containerPortal = 24CF03F1256FBFFE00F92B49 /* Project object */;
			proxyType = 1;
			remoteGlobalIDString = 24CF03F8256FBFFE00F92B49;
			remoteInfo = SocialAppCleanSwift;
		};
/* End PBXContainerItemProxy section */

/* Begin PBXFileReference section */
		12715154AEB87DA1D221F984 /* Pods_SocialAppCleanSwiftTests.framework */ = {isa = PBXFileReference; explicitFileType = wrapper.framework; includeInIndex = 0; path = Pods_SocialAppCleanSwiftTests.framework; sourceTree = BUILT_PRODUCTS_DIR; };
		180D287A508EC11D82AA4BBE /* Pods-SocialAppCleanSwift.debug.xcconfig */ = {isa = PBXFileReference; includeInIndex = 1; lastKnownFileType = text.xcconfig; name = "Pods-SocialAppCleanSwift.debug.xcconfig"; path = "Target Support Files/Pods-SocialAppCleanSwift/Pods-SocialAppCleanSwift.debug.xcconfig"; sourceTree = "<group>"; };
		22684A7D73388F631D9425D7 /* Pods-SocialAppCleanSwift-SocialAppCleanSwiftUITests.debug.xcconfig */ = {isa = PBXFileReference; includeInIndex = 1; lastKnownFileType = text.xcconfig; name = "Pods-SocialAppCleanSwift-SocialAppCleanSwiftUITests.debug.xcconfig"; path = "Target Support Files/Pods-SocialAppCleanSwift-SocialAppCleanSwiftUITests/Pods-SocialAppCleanSwift-SocialAppCleanSwiftUITests.debug.xcconfig"; sourceTree = "<group>"; };
		24CF03F9256FBFFE00F92B49 /* SocialAppCleanSwift.app */ = {isa = PBXFileReference; explicitFileType = wrapper.application; includeInIndex = 0; path = SocialAppCleanSwift.app; sourceTree = BUILT_PRODUCTS_DIR; };
		24CF03FC256FBFFE00F92B49 /* AppDelegate.swift */ = {isa = PBXFileReference; lastKnownFileType = sourcecode.swift; path = AppDelegate.swift; sourceTree = "<group>"; };
		24CF03FE256FBFFE00F92B49 /* SceneDelegate.swift */ = {isa = PBXFileReference; lastKnownFileType = sourcecode.swift; path = SceneDelegate.swift; sourceTree = "<group>"; };
		24CF0400256FBFFE00F92B49 /* ViewController.swift */ = {isa = PBXFileReference; lastKnownFileType = sourcecode.swift; path = ViewController.swift; sourceTree = "<group>"; };
		24CF0405256FC00000F92B49 /* Assets.xcassets */ = {isa = PBXFileReference; lastKnownFileType = folder.assetcatalog; path = Assets.xcassets; sourceTree = "<group>"; };
		24CF0408256FC00000F92B49 /* Base */ = {isa = PBXFileReference; lastKnownFileType = file.storyboard; name = Base; path = Base.lproj/LaunchScreen.storyboard; sourceTree = "<group>"; };
		24CF040A256FC00000F92B49 /* Info.plist */ = {isa = PBXFileReference; lastKnownFileType = text.plist.xml; path = Info.plist; sourceTree = "<group>"; };
		24CF040F256FC00000F92B49 /* SocialAppCleanSwiftTests.xctest */ = {isa = PBXFileReference; explicitFileType = wrapper.cfbundle; includeInIndex = 0; path = SocialAppCleanSwiftTests.xctest; sourceTree = BUILT_PRODUCTS_DIR; };
		24CF0413256FC00000F92B49 /* SocialAppCleanSwiftTests.swift */ = {isa = PBXFileReference; lastKnownFileType = sourcecode.swift; path = SocialAppCleanSwiftTests.swift; sourceTree = "<group>"; };
		24CF0415256FC00000F92B49 /* Info.plist */ = {isa = PBXFileReference; lastKnownFileType = text.plist.xml; path = Info.plist; sourceTree = "<group>"; };
		24CF041A256FC00000F92B49 /* SocialAppCleanSwiftUITests.xctest */ = {isa = PBXFileReference; explicitFileType = wrapper.cfbundle; includeInIndex = 0; path = SocialAppCleanSwiftUITests.xctest; sourceTree = BUILT_PRODUCTS_DIR; };
		24CF041E256FC00000F92B49 /* SocialAppCleanSwiftUITests.swift */ = {isa = PBXFileReference; lastKnownFileType = sourcecode.swift; path = SocialAppCleanSwiftUITests.swift; sourceTree = "<group>"; };
		24CF0420256FC00000F92B49 /* Info.plist */ = {isa = PBXFileReference; lastKnownFileType = text.plist.xml; path = Info.plist; sourceTree = "<group>"; };
		26B660C27D743F8B66039406 /* Pods_SocialAppCleanSwift.framework */ = {isa = PBXFileReference; explicitFileType = wrapper.framework; includeInIndex = 0; path = Pods_SocialAppCleanSwift.framework; sourceTree = BUILT_PRODUCTS_DIR; };
		2CB9F03D6D9BA4C2464FE8FE /* Pods_SocialAppCleanSwift_SocialAppCleanSwiftUITests.framework */ = {isa = PBXFileReference; explicitFileType = wrapper.framework; includeInIndex = 0; path = Pods_SocialAppCleanSwift_SocialAppCleanSwiftUITests.framework; sourceTree = BUILT_PRODUCTS_DIR; };
		5EBAA5C9B3ECDE7324BFDEF8 /* Pods-SocialAppCleanSwift-SocialAppCleanSwiftUITests.release.xcconfig */ = {isa = PBXFileReference; includeInIndex = 1; lastKnownFileType = text.xcconfig; name = "Pods-SocialAppCleanSwift-SocialAppCleanSwiftUITests.release.xcconfig"; path = "Target Support Files/Pods-SocialAppCleanSwift-SocialAppCleanSwiftUITests/Pods-SocialAppCleanSwift-SocialAppCleanSwiftUITests.release.xcconfig"; sourceTree = "<group>"; };
		7C9BC9B915AFD03F7DCA8924 /* Pods-SocialAppCleanSwiftTests.release.xcconfig */ = {isa = PBXFileReference; includeInIndex = 1; lastKnownFileType = text.xcconfig; name = "Pods-SocialAppCleanSwiftTests.release.xcconfig"; path = "Target Support Files/Pods-SocialAppCleanSwiftTests/Pods-SocialAppCleanSwiftTests.release.xcconfig"; sourceTree = "<group>"; };
		8BE5DBB995C3449D1C84E4AF /* Pods-SocialAppCleanSwiftTests.debug.xcconfig */ = {isa = PBXFileReference; includeInIndex = 1; lastKnownFileType = text.xcconfig; name = "Pods-SocialAppCleanSwiftTests.debug.xcconfig"; path = "Target Support Files/Pods-SocialAppCleanSwiftTests/Pods-SocialAppCleanSwiftTests.debug.xcconfig"; sourceTree = "<group>"; };
		CD0D4041D48398AAF01F51CD /* Pods-SocialAppCleanSwift.release.xcconfig */ = {isa = PBXFileReference; includeInIndex = 1; lastKnownFileType = text.xcconfig; name = "Pods-SocialAppCleanSwift.release.xcconfig"; path = "Target Support Files/Pods-SocialAppCleanSwift/Pods-SocialAppCleanSwift.release.xcconfig"; sourceTree = "<group>"; };
/* End PBXFileReference section */

/* Begin PBXFrameworksBuildPhase section */
		24CF03F6256FBFFE00F92B49 /* Frameworks */ = {
			isa = PBXFrameworksBuildPhase;
			buildActionMask = 2147483647;
			files = (
				315B797A157BB4B8BB4F8A8F /* Pods_SocialAppCleanSwift.framework in Frameworks */,
			);
			runOnlyForDeploymentPostprocessing = 0;
		};
		24CF040C256FC00000F92B49 /* Frameworks */ = {
			isa = PBXFrameworksBuildPhase;
			buildActionMask = 2147483647;
			files = (
				7E1500FE91579E279B8DDAE0 /* Pods_SocialAppCleanSwiftTests.framework in Frameworks */,
			);
			runOnlyForDeploymentPostprocessing = 0;
		};
		24CF0417256FC00000F92B49 /* Frameworks */ = {
			isa = PBXFrameworksBuildPhase;
			buildActionMask = 2147483647;
			files = (
				0249AF78E0B4B8CFE6862414 /* Pods_SocialAppCleanSwift_SocialAppCleanSwiftUITests.framework in Frameworks */,
			);
			runOnlyForDeploymentPostprocessing = 0;
		};
/* End PBXFrameworksBuildPhase section */

/* Begin PBXGroup section */
		24CF03F0256FBFFE00F92B49 = {
			isa = PBXGroup;
			children = (
				24CF03FB256FBFFE00F92B49 /* SocialAppCleanSwift */,
				24CF0412256FC00000F92B49 /* SocialAppCleanSwiftTests */,
				24CF041D256FC00000F92B49 /* SocialAppCleanSwiftUITests */,
				24CF03FA256FBFFE00F92B49 /* Products */,
				8B24220E8541DC6490A50CA9 /* Pods */,
				3F969E8D3D875856E5B39788 /* Frameworks */,
			);
			sourceTree = "<group>";
		};
		24CF03FA256FBFFE00F92B49 /* Products */ = {
			isa = PBXGroup;
			children = (
				24CF03F9256FBFFE00F92B49 /* SocialAppCleanSwift.app */,
				24CF040F256FC00000F92B49 /* SocialAppCleanSwiftTests.xctest */,
				24CF041A256FC00000F92B49 /* SocialAppCleanSwiftUITests.xctest */,
			);
			name = Products;
			sourceTree = "<group>";
		};
		24CF03FB256FBFFE00F92B49 /* SocialAppCleanSwift */ = {
			isa = PBXGroup;
			children = (
				24CF03FC256FBFFE00F92B49 /* AppDelegate.swift */,
				24CF03FE256FBFFE00F92B49 /* SceneDelegate.swift */,
				24CF0400256FBFFE00F92B49 /* ViewController.swift */,
				24CF0405256FC00000F92B49 /* Assets.xcassets */,
				24CF0407256FC00000F92B49 /* LaunchScreen.storyboard */,
				24CF040A256FC00000F92B49 /* Info.plist */,
			);
			path = SocialAppCleanSwift;
			sourceTree = "<group>";
		};
		24CF0412256FC00000F92B49 /* SocialAppCleanSwiftTests */ = {
			isa = PBXGroup;
			children = (
				24CF0413256FC00000F92B49 /* SocialAppCleanSwiftTests.swift */,
				24CF0415256FC00000F92B49 /* Info.plist */,
			);
			path = SocialAppCleanSwiftTests;
			sourceTree = "<group>";
		};
		24CF041D256FC00000F92B49 /* SocialAppCleanSwiftUITests */ = {
			isa = PBXGroup;
			children = (
				24CF041E256FC00000F92B49 /* SocialAppCleanSwiftUITests.swift */,
				24CF0420256FC00000F92B49 /* Info.plist */,
			);
			path = SocialAppCleanSwiftUITests;
			sourceTree = "<group>";
		};
		3F969E8D3D875856E5B39788 /* Frameworks */ = {
			isa = PBXGroup;
			children = (
				26B660C27D743F8B66039406 /* Pods_SocialAppCleanSwift.framework */,
				2CB9F03D6D9BA4C2464FE8FE /* Pods_SocialAppCleanSwift_SocialAppCleanSwiftUITests.framework */,
				12715154AEB87DA1D221F984 /* Pods_SocialAppCleanSwiftTests.framework */,
			);
			name = Frameworks;
			sourceTree = "<group>";
		};
		8B24220E8541DC6490A50CA9 /* Pods */ = {
			isa = PBXGroup;
			children = (
				180D287A508EC11D82AA4BBE /* Pods-SocialAppCleanSwift.debug.xcconfig */,
				CD0D4041D48398AAF01F51CD /* Pods-SocialAppCleanSwift.release.xcconfig */,
				22684A7D73388F631D9425D7 /* Pods-SocialAppCleanSwift-SocialAppCleanSwiftUITests.debug.xcconfig */,
				5EBAA5C9B3ECDE7324BFDEF8 /* Pods-SocialAppCleanSwift-SocialAppCleanSwiftUITests.release.xcconfig */,
				8BE5DBB995C3449D1C84E4AF /* Pods-SocialAppCleanSwiftTests.debug.xcconfig */,
				7C9BC9B915AFD03F7DCA8924 /* Pods-SocialAppCleanSwiftTests.release.xcconfig */,
			);
			name = Pods;
			path = Pods;
			sourceTree = "<group>";
		};
/* End PBXGroup section */

/* Begin PBXNativeTarget section */
		24CF03F8256FBFFE00F92B49 /* SocialAppCleanSwift */ = {
			isa = PBXNativeTarget;
			buildConfigurationList = 24CF0423256FC00000F92B49 /* Build configuration list for PBXNativeTarget "SocialAppCleanSwift" */;
			buildPhases = (
				01CB4EA29BE12F5C955AAFD4 /* [CP] Check Pods Manifest.lock */,
				24CF03F5256FBFFE00F92B49 /* Sources */,
				24CF03F6256FBFFE00F92B49 /* Frameworks */,
				24CF03F7256FBFFE00F92B49 /* Resources */,
				58B1F921D928D5DC11313FD0 /* [CP] Embed Pods Frameworks */,
			);
			buildRules = (
			);
			dependencies = (
			);
			name = SocialAppCleanSwift;
			productName = SocialAppCleanSwift;
			productReference = 24CF03F9256FBFFE00F92B49 /* SocialAppCleanSwift.app */;
			productType = "com.apple.product-type.application";
		};
		24CF040E256FC00000F92B49 /* SocialAppCleanSwiftTests */ = {
			isa = PBXNativeTarget;
			buildConfigurationList = 24CF0426256FC00000F92B49 /* Build configuration list for PBXNativeTarget "SocialAppCleanSwiftTests" */;
			buildPhases = (
				3C8C81B17B4481E97DE7E549 /* [CP] Check Pods Manifest.lock */,
				24CF040B256FC00000F92B49 /* Sources */,
				24CF040C256FC00000F92B49 /* Frameworks */,
				24CF040D256FC00000F92B49 /* Resources */,
			);
			buildRules = (
			);
			dependencies = (
				24CF0411256FC00000F92B49 /* PBXTargetDependency */,
			);
			name = SocialAppCleanSwiftTests;
			productName = SocialAppCleanSwiftTests;
			productReference = 24CF040F256FC00000F92B49 /* SocialAppCleanSwiftTests.xctest */;
			productType = "com.apple.product-type.bundle.unit-test";
		};
		24CF0419256FC00000F92B49 /* SocialAppCleanSwiftUITests */ = {
			isa = PBXNativeTarget;
			buildConfigurationList = 24CF0429256FC00000F92B49 /* Build configuration list for PBXNativeTarget "SocialAppCleanSwiftUITests" */;
			buildPhases = (
				20E643D385E17EB83117C4BD /* [CP] Check Pods Manifest.lock */,
				24CF0416256FC00000F92B49 /* Sources */,
				24CF0417256FC00000F92B49 /* Frameworks */,
				24CF0418256FC00000F92B49 /* Resources */,
				3497DD7DE67E5540239D1FB5 /* [CP] Embed Pods Frameworks */,
			);
			buildRules = (
			);
			dependencies = (
				24CF041C256FC00000F92B49 /* PBXTargetDependency */,
			);
			name = SocialAppCleanSwiftUITests;
			productName = SocialAppCleanSwiftUITests;
			productReference = 24CF041A256FC00000F92B49 /* SocialAppCleanSwiftUITests.xctest */;
			productType = "com.apple.product-type.bundle.ui-testing";
		};
/* End PBXNativeTarget section */

/* Begin PBXProject section */
		24CF03F1256FBFFE00F92B49 /* Project object */ = {
			isa = PBXProject;
			attributes = {
				LastSwiftUpdateCheck = 1210;
				LastUpgradeCheck = 1210;
				TargetAttributes = {
					24CF03F8256FBFFE00F92B49 = {
						CreatedOnToolsVersion = 12.1;
					};
					24CF040E256FC00000F92B49 = {
						CreatedOnToolsVersion = 12.1;
						TestTargetID = 24CF03F8256FBFFE00F92B49;
					};
					24CF0419256FC00000F92B49 = {
						CreatedOnToolsVersion = 12.1;
						TestTargetID = 24CF03F8256FBFFE00F92B49;
					};
				};
			};
			buildConfigurationList = 24CF03F4256FBFFE00F92B49 /* Build configuration list for PBXProject "SocialAppCleanSwift" */;
			compatibilityVersion = "Xcode 9.3";
			developmentRegion = en;
			hasScannedForEncodings = 0;
			knownRegions = (
				en,
				Base,
			);
			mainGroup = 24CF03F0256FBFFE00F92B49;
			productRefGroup = 24CF03FA256FBFFE00F92B49 /* Products */;
			projectDirPath = "";
			projectRoot = "";
			targets = (
				24CF03F8256FBFFE00F92B49 /* SocialAppCleanSwift */,
				24CF040E256FC00000F92B49 /* SocialAppCleanSwiftTests */,
				24CF0419256FC00000F92B49 /* SocialAppCleanSwiftUITests */,
			);
		};
/* End PBXProject section */

/* Begin PBXResourcesBuildPhase section */
		24CF03F7256FBFFE00F92B49 /* Resources */ = {
			isa = PBXResourcesBuildPhase;
			buildActionMask = 2147483647;
			files = (
				24CF0409256FC00000F92B49 /* LaunchScreen.storyboard in Resources */,
				24CF0406256FC00000F92B49 /* Assets.xcassets in Resources */,
			);
			runOnlyForDeploymentPostprocessing = 0;
		};
		24CF040D256FC00000F92B49 /* Resources */ = {
			isa = PBXResourcesBuildPhase;
			buildActionMask = 2147483647;
			files = (
			);
			runOnlyForDeploymentPostprocessing = 0;
		};
		24CF0418256FC00000F92B49 /* Resources */ = {
			isa = PBXResourcesBuildPhase;
			buildActionMask = 2147483647;
			files = (
			);
			runOnlyForDeploymentPostprocessing = 0;
		};
/* End PBXResourcesBuildPhase section */

/* Begin PBXShellScriptBuildPhase section */
		01CB4EA29BE12F5C955AAFD4 /* [CP] Check Pods Manifest.lock */ = {
			isa = PBXShellScriptBuildPhase;
			buildActionMask = 2147483647;
			files = (
			);
			inputFileListPaths = (
			);
			inputPaths = (
				"${PODS_PODFILE_DIR_PATH}/Podfile.lock",
				"${PODS_ROOT}/Manifest.lock",
			);
			name = "[CP] Check Pods Manifest.lock";
			outputFileListPaths = (
			);
			outputPaths = (
				"$(DERIVED_FILE_DIR)/Pods-SocialAppCleanSwift-checkManifestLockResult.txt",
			);
			runOnlyForDeploymentPostprocessing = 0;
			shellPath = /bin/sh;
			shellScript = "diff \"${PODS_PODFILE_DIR_PATH}/Podfile.lock\" \"${PODS_ROOT}/Manifest.lock\" > /dev/null\nif [ $? != 0 ] ; then\n    # print error to STDERR\n    echo \"error: The sandbox is not in sync with the Podfile.lock. Run 'pod install' or update your CocoaPods installation.\" >&2\n    exit 1\nfi\n# This output is used by Xcode 'outputs' to avoid re-running this script phase.\necho \"SUCCESS\" > \"${SCRIPT_OUTPUT_FILE_0}\"\n";
			showEnvVarsInLog = 0;
		};
		20E643D385E17EB83117C4BD /* [CP] Check Pods Manifest.lock */ = {
			isa = PBXShellScriptBuildPhase;
			buildActionMask = 2147483647;
			files = (
			);
			inputFileListPaths = (
			);
			inputPaths = (
				"${PODS_PODFILE_DIR_PATH}/Podfile.lock",
				"${PODS_ROOT}/Manifest.lock",
			);
			name = "[CP] Check Pods Manifest.lock";
			outputFileListPaths = (
			);
			outputPaths = (
				"$(DERIVED_FILE_DIR)/Pods-SocialAppCleanSwift-SocialAppCleanSwiftUITests-checkManifestLockResult.txt",
			);
			runOnlyForDeploymentPostprocessing = 0;
			shellPath = /bin/sh;
			shellScript = "diff \"${PODS_PODFILE_DIR_PATH}/Podfile.lock\" \"${PODS_ROOT}/Manifest.lock\" > /dev/null\nif [ $? != 0 ] ; then\n    # print error to STDERR\n    echo \"error: The sandbox is not in sync with the Podfile.lock. Run 'pod install' or update your CocoaPods installation.\" >&2\n    exit 1\nfi\n# This output is used by Xcode 'outputs' to avoid re-running this script phase.\necho \"SUCCESS\" > \"${SCRIPT_OUTPUT_FILE_0}\"\n";
			showEnvVarsInLog = 0;
		};
		3497DD7DE67E5540239D1FB5 /* [CP] Embed Pods Frameworks */ = {
			isa = PBXShellScriptBuildPhase;
			buildActionMask = 2147483647;
			files = (
			);
			inputFileListPaths = (
				"${PODS_ROOT}/Target Support Files/Pods-SocialAppCleanSwift-SocialAppCleanSwiftUITests/Pods-SocialAppCleanSwift-SocialAppCleanSwiftUITests-frameworks-${CONFIGURATION}-input-files.xcfilelist",
			);
			name = "[CP] Embed Pods Frameworks";
			outputFileListPaths = (
				"${PODS_ROOT}/Target Support Files/Pods-SocialAppCleanSwift-SocialAppCleanSwiftUITests/Pods-SocialAppCleanSwift-SocialAppCleanSwiftUITests-frameworks-${CONFIGURATION}-output-files.xcfilelist",
			);
			runOnlyForDeploymentPostprocessing = 0;
			shellPath = /bin/sh;
			shellScript = "\"${PODS_ROOT}/Target Support Files/Pods-SocialAppCleanSwift-SocialAppCleanSwiftUITests/Pods-SocialAppCleanSwift-SocialAppCleanSwiftUITests-frameworks.sh\"\n";
			showEnvVarsInLog = 0;
		};
		3C8C81B17B4481E97DE7E549 /* [CP] Check Pods Manifest.lock */ = {
			isa = PBXShellScriptBuildPhase;
			buildActionMask = 2147483647;
			files = (
			);
			inputFileListPaths = (
			);
			inputPaths = (
				"${PODS_PODFILE_DIR_PATH}/Podfile.lock",
				"${PODS_ROOT}/Manifest.lock",
			);
			name = "[CP] Check Pods Manifest.lock";
			outputFileListPaths = (
			);
			outputPaths = (
				"$(DERIVED_FILE_DIR)/Pods-SocialAppCleanSwiftTests-checkManifestLockResult.txt",
			);
			runOnlyForDeploymentPostprocessing = 0;
			shellPath = /bin/sh;
			shellScript = "diff \"${PODS_PODFILE_DIR_PATH}/Podfile.lock\" \"${PODS_ROOT}/Manifest.lock\" > /dev/null\nif [ $? != 0 ] ; then\n    # print error to STDERR\n    echo \"error: The sandbox is not in sync with the Podfile.lock. Run 'pod install' or update your CocoaPods installation.\" >&2\n    exit 1\nfi\n# This output is used by Xcode 'outputs' to avoid re-running this script phase.\necho \"SUCCESS\" > \"${SCRIPT_OUTPUT_FILE_0}\"\n";
			showEnvVarsInLog = 0;
		};
		58B1F921D928D5DC11313FD0 /* [CP] Embed Pods Frameworks */ = {
			isa = PBXShellScriptBuildPhase;
			buildActionMask = 2147483647;
			files = (
			);
			inputFileListPaths = (
				"${PODS_ROOT}/Target Support Files/Pods-SocialAppCleanSwift/Pods-SocialAppCleanSwift-frameworks-${CONFIGURATION}-input-files.xcfilelist",
			);
			name = "[CP] Embed Pods Frameworks";
			outputFileListPaths = (
				"${PODS_ROOT}/Target Support Files/Pods-SocialAppCleanSwift/Pods-SocialAppCleanSwift-frameworks-${CONFIGURATION}-output-files.xcfilelist",
			);
			runOnlyForDeploymentPostprocessing = 0;
			shellPath = /bin/sh;
			shellScript = "\"${PODS_ROOT}/Target Support Files/Pods-SocialAppCleanSwift/Pods-SocialAppCleanSwift-frameworks.sh\"\n";
			showEnvVarsInLog = 0;
		};
/* End PBXShellScriptBuildPhase section */

/* Begin PBXSourcesBuildPhase section */
		24CF03F5256FBFFE00F92B49 /* Sources */ = {
			isa = PBXSourcesBuildPhase;
			buildActionMask = 2147483647;
			files = (
				24CF0401256FBFFE00F92B49 /* ViewController.swift in Sources */,
				24CF03FD256FBFFE00F92B49 /* AppDelegate.swift in Sources */,
				24CF03FF256FBFFE00F92B49 /* SceneDelegate.swift in Sources */,
			);
			runOnlyForDeploymentPostprocessing = 0;
		};
		24CF040B256FC00000F92B49 /* Sources */ = {
			isa = PBXSourcesBuildPhase;
			buildActionMask = 2147483647;
			files = (
				24CF0414256FC00000F92B49 /* SocialAppCleanSwiftTests.swift in Sources */,
			);
			runOnlyForDeploymentPostprocessing = 0;
		};
		24CF0416256FC00000F92B49 /* Sources */ = {
			isa = PBXSourcesBuildPhase;
			buildActionMask = 2147483647;
			files = (
				24CF041F256FC00000F92B49 /* SocialAppCleanSwiftUITests.swift in Sources */,
			);
			runOnlyForDeploymentPostprocessing = 0;
		};
/* End PBXSourcesBuildPhase section */

/* Begin PBXTargetDependency section */
		24CF0411256FC00000F92B49 /* PBXTargetDependency */ = {
			isa = PBXTargetDependency;
			target = 24CF03F8256FBFFE00F92B49 /* SocialAppCleanSwift */;
			targetProxy = 24CF0410256FC00000F92B49 /* PBXContainerItemProxy */;
		};
		24CF041C256FC00000F92B49 /* PBXTargetDependency */ = {
			isa = PBXTargetDependency;
			target = 24CF03F8256FBFFE00F92B49 /* SocialAppCleanSwift */;
			targetProxy = 24CF041B256FC00000F92B49 /* PBXContainerItemProxy */;
		};
/* End PBXTargetDependency section */

/* Begin PBXVariantGroup section */
		24CF0407256FC00000F92B49 /* LaunchScreen.storyboard */ = {
			isa = PBXVariantGroup;
			children = (
				24CF0408256FC00000F92B49 /* Base */,
			);
			name = LaunchScreen.storyboard;
			sourceTree = "<group>";
		};
/* End PBXVariantGroup section */

/* Begin XCBuildConfiguration section */
		24CF0421256FC00000F92B49 /* Debug */ = {
			isa = XCBuildConfiguration;
			buildSettings = {
				ALWAYS_SEARCH_USER_PATHS = NO;
				CLANG_ANALYZER_NONNULL = YES;
				CLANG_ANALYZER_NUMBER_OBJECT_CONVERSION = YES_AGGRESSIVE;
				CLANG_CXX_LANGUAGE_STANDARD = "gnu++14";
				CLANG_CXX_LIBRARY = "libc++";
				CLANG_ENABLE_MODULES = YES;
				CLANG_ENABLE_OBJC_ARC = YES;
				CLANG_ENABLE_OBJC_WEAK = YES;
				CLANG_WARN_BLOCK_CAPTURE_AUTORELEASING = YES;
				CLANG_WARN_BOOL_CONVERSION = YES;
				CLANG_WARN_COMMA = YES;
				CLANG_WARN_CONSTANT_CONVERSION = YES;
				CLANG_WARN_DEPRECATED_OBJC_IMPLEMENTATIONS = YES;
				CLANG_WARN_DIRECT_OBJC_ISA_USAGE = YES_ERROR;
				CLANG_WARN_DOCUMENTATION_COMMENTS = YES;
				CLANG_WARN_EMPTY_BODY = YES;
				CLANG_WARN_ENUM_CONVERSION = YES;
				CLANG_WARN_INFINITE_RECURSION = YES;
				CLANG_WARN_INT_CONVERSION = YES;
				CLANG_WARN_NON_LITERAL_NULL_CONVERSION = YES;
				CLANG_WARN_OBJC_IMPLICIT_RETAIN_SELF = YES;
				CLANG_WARN_OBJC_LITERAL_CONVERSION = YES;
				CLANG_WARN_OBJC_ROOT_CLASS = YES_ERROR;
				CLANG_WARN_QUOTED_INCLUDE_IN_FRAMEWORK_HEADER = YES;
				CLANG_WARN_RANGE_LOOP_ANALYSIS = YES;
				CLANG_WARN_STRICT_PROTOTYPES = YES;
				CLANG_WARN_SUSPICIOUS_MOVE = YES;
				CLANG_WARN_UNGUARDED_AVAILABILITY = YES_AGGRESSIVE;
				CLANG_WARN_UNREACHABLE_CODE = YES;
				CLANG_WARN__DUPLICATE_METHOD_MATCH = YES;
				COPY_PHASE_STRIP = NO;
				DEBUG_INFORMATION_FORMAT = dwarf;
				ENABLE_STRICT_OBJC_MSGSEND = YES;
				ENABLE_TESTABILITY = YES;
				GCC_C_LANGUAGE_STANDARD = gnu11;
				GCC_DYNAMIC_NO_PIC = NO;
				GCC_NO_COMMON_BLOCKS = YES;
				GCC_OPTIMIZATION_LEVEL = 0;
				GCC_PREPROCESSOR_DEFINITIONS = (
					"DEBUG=1",
					"$(inherited)",
				);
				GCC_WARN_64_TO_32_BIT_CONVERSION = YES;
				GCC_WARN_ABOUT_RETURN_TYPE = YES_ERROR;
				GCC_WARN_UNDECLARED_SELECTOR = YES;
				GCC_WARN_UNINITIALIZED_AUTOS = YES_AGGRESSIVE;
				GCC_WARN_UNUSED_FUNCTION = YES;
				GCC_WARN_UNUSED_VARIABLE = YES;
				IPHONEOS_DEPLOYMENT_TARGET = 14.1;
				MTL_ENABLE_DEBUG_INFO = INCLUDE_SOURCE;
				MTL_FAST_MATH = YES;
				ONLY_ACTIVE_ARCH = YES;
				SDKROOT = iphoneos;
				SWIFT_ACTIVE_COMPILATION_CONDITIONS = DEBUG;
				SWIFT_OPTIMIZATION_LEVEL = "-Onone";
			};
			name = Debug;
		};
		24CF0422256FC00000F92B49 /* Release */ = {
			isa = XCBuildConfiguration;
			buildSettings = {
				ALWAYS_SEARCH_USER_PATHS = NO;
				CLANG_ANALYZER_NONNULL = YES;
				CLANG_ANALYZER_NUMBER_OBJECT_CONVERSION = YES_AGGRESSIVE;
				CLANG_CXX_LANGUAGE_STANDARD = "gnu++14";
				CLANG_CXX_LIBRARY = "libc++";
				CLANG_ENABLE_MODULES = YES;
				CLANG_ENABLE_OBJC_ARC = YES;
				CLANG_ENABLE_OBJC_WEAK = YES;
				CLANG_WARN_BLOCK_CAPTURE_AUTORELEASING = YES;
				CLANG_WARN_BOOL_CONVERSION = YES;
				CLANG_WARN_COMMA = YES;
				CLANG_WARN_CONSTANT_CONVERSION = YES;
				CLANG_WARN_DEPRECATED_OBJC_IMPLEMENTATIONS = YES;
				CLANG_WARN_DIRECT_OBJC_ISA_USAGE = YES_ERROR;
				CLANG_WARN_DOCUMENTATION_COMMENTS = YES;
				CLANG_WARN_EMPTY_BODY = YES;
				CLANG_WARN_ENUM_CONVERSION = YES;
				CLANG_WARN_INFINITE_RECURSION = YES;
				CLANG_WARN_INT_CONVERSION = YES;
				CLANG_WARN_NON_LITERAL_NULL_CONVERSION = YES;
				CLANG_WARN_OBJC_IMPLICIT_RETAIN_SELF = YES;
				CLANG_WARN_OBJC_LITERAL_CONVERSION = YES;
				CLANG_WARN_OBJC_ROOT_CLASS = YES_ERROR;
				CLANG_WARN_QUOTED_INCLUDE_IN_FRAMEWORK_HEADER = YES;
				CLANG_WARN_RANGE_LOOP_ANALYSIS = YES;
				CLANG_WARN_STRICT_PROTOTYPES = YES;
				CLANG_WARN_SUSPICIOUS_MOVE = YES;
				CLANG_WARN_UNGUARDED_AVAILABILITY = YES_AGGRESSIVE;
				CLANG_WARN_UNREACHABLE_CODE = YES;
				CLANG_WARN__DUPLICATE_METHOD_MATCH = YES;
				COPY_PHASE_STRIP = NO;
				DEBUG_INFORMATION_FORMAT = "dwarf-with-dsym";
				ENABLE_NS_ASSERTIONS = NO;
				ENABLE_STRICT_OBJC_MSGSEND = YES;
				GCC_C_LANGUAGE_STANDARD = gnu11;
				GCC_NO_COMMON_BLOCKS = YES;
				GCC_WARN_64_TO_32_BIT_CONVERSION = YES;
				GCC_WARN_ABOUT_RETURN_TYPE = YES_ERROR;
				GCC_WARN_UNDECLARED_SELECTOR = YES;
				GCC_WARN_UNINITIALIZED_AUTOS = YES_AGGRESSIVE;
				GCC_WARN_UNUSED_FUNCTION = YES;
				GCC_WARN_UNUSED_VARIABLE = YES;
				IPHONEOS_DEPLOYMENT_TARGET = 14.1;
				MTL_ENABLE_DEBUG_INFO = NO;
				MTL_FAST_MATH = YES;
				SDKROOT = iphoneos;
				SWIFT_COMPILATION_MODE = wholemodule;
				SWIFT_OPTIMIZATION_LEVEL = "-O";
				VALIDATE_PRODUCT = YES;
			};
			name = Release;
		};
		24CF0424256FC00000F92B49 /* Debug */ = {
			isa = XCBuildConfiguration;
			baseConfigurationReference = 180D287A508EC11D82AA4BBE /* Pods-SocialAppCleanSwift.debug.xcconfig */;
			buildSettings = {
				ASSETCATALOG_COMPILER_APPICON_NAME = AppIcon;
				ASSETCATALOG_COMPILER_GLOBAL_ACCENT_COLOR_NAME = AccentColor;
				CODE_SIGN_STYLE = Automatic;
				DEVELOPMENT_TEAM = 8495WNP42U;
				INFOPLIST_FILE = SocialAppCleanSwift/Info.plist;
				LD_RUNPATH_SEARCH_PATHS = (
					"$(inherited)",
					"@executable_path/Frameworks",
				);
				PRODUCT_BUNDLE_IDENTIFIER = de.test.SocialAppCleanSwift;
				PRODUCT_NAME = "$(TARGET_NAME)";
				SWIFT_VERSION = 5.0;
				TARGETED_DEVICE_FAMILY = "1,2";
			};
			name = Debug;
		};
		24CF0425256FC00000F92B49 /* Release */ = {
			isa = XCBuildConfiguration;
			baseConfigurationReference = CD0D4041D48398AAF01F51CD /* Pods-SocialAppCleanSwift.release.xcconfig */;
			buildSettings = {
				ASSETCATALOG_COMPILER_APPICON_NAME = AppIcon;
				ASSETCATALOG_COMPILER_GLOBAL_ACCENT_COLOR_NAME = AccentColor;
				CODE_SIGN_STYLE = Automatic;
				DEVELOPMENT_TEAM = 8495WNP42U;
				INFOPLIST_FILE = SocialAppCleanSwift/Info.plist;
				LD_RUNPATH_SEARCH_PATHS = (
					"$(inherited)",
					"@executable_path/Frameworks",
				);
				PRODUCT_BUNDLE_IDENTIFIER = de.test.SocialAppCleanSwift;
				PRODUCT_NAME = "$(TARGET_NAME)";
				SWIFT_VERSION = 5.0;
				TARGETED_DEVICE_FAMILY = "1,2";
			};
			name = Release;
		};
		24CF0427256FC00000F92B49 /* Debug */ = {
			isa = XCBuildConfiguration;
			baseConfigurationReference = 8BE5DBB995C3449D1C84E4AF /* Pods-SocialAppCleanSwiftTests.debug.xcconfig */;
			buildSettings = {
				ALWAYS_EMBED_SWIFT_STANDARD_LIBRARIES = YES;
				BUNDLE_LOADER = "$(TEST_HOST)";
				CODE_SIGN_STYLE = Automatic;
				DEVELOPMENT_TEAM = 8495WNP42U;
				INFOPLIST_FILE = SocialAppCleanSwiftTests/Info.plist;
				IPHONEOS_DEPLOYMENT_TARGET = 14.1;
				LD_RUNPATH_SEARCH_PATHS = (
					"$(inherited)",
					"@executable_path/Frameworks",
					"@loader_path/Frameworks",
				);
				PRODUCT_BUNDLE_IDENTIFIER = de.test.SocialAppCleanSwiftTests;
				PRODUCT_NAME = "$(TARGET_NAME)";
				SWIFT_VERSION = 5.0;
				TARGETED_DEVICE_FAMILY = "1,2";
				TEST_HOST = "$(BUILT_PRODUCTS_DIR)/SocialAppCleanSwift.app/SocialAppCleanSwift";
			};
			name = Debug;
		};
		24CF0428256FC00000F92B49 /* Release */ = {
			isa = XCBuildConfiguration;
			baseConfigurationReference = 7C9BC9B915AFD03F7DCA8924 /* Pods-SocialAppCleanSwiftTests.release.xcconfig */;
			buildSettings = {
				ALWAYS_EMBED_SWIFT_STANDARD_LIBRARIES = YES;
				BUNDLE_LOADER = "$(TEST_HOST)";
				CODE_SIGN_STYLE = Automatic;
				DEVELOPMENT_TEAM = 8495WNP42U;
				INFOPLIST_FILE = SocialAppCleanSwiftTests/Info.plist;
				IPHONEOS_DEPLOYMENT_TARGET = 14.1;
				LD_RUNPATH_SEARCH_PATHS = (
					"$(inherited)",
					"@executable_path/Frameworks",
					"@loader_path/Frameworks",
				);
				PRODUCT_BUNDLE_IDENTIFIER = de.test.SocialAppCleanSwiftTests;
				PRODUCT_NAME = "$(TARGET_NAME)";
				SWIFT_VERSION = 5.0;
				TARGETED_DEVICE_FAMILY = "1,2";
				TEST_HOST = "$(BUILT_PRODUCTS_DIR)/SocialAppCleanSwift.app/SocialAppCleanSwift";
			};
			name = Release;
		};
		24CF042A256FC00000F92B49 /* Debug */ = {
			isa = XCBuildConfiguration;
			baseConfigurationReference = 22684A7D73388F631D9425D7 /* Pods-SocialAppCleanSwift-SocialAppCleanSwiftUITests.debug.xcconfig */;
			buildSettings = {
				ALWAYS_EMBED_SWIFT_STANDARD_LIBRARIES = YES;
				CODE_SIGN_STYLE = Automatic;
				DEVELOPMENT_TEAM = 8495WNP42U;
				INFOPLIST_FILE = SocialAppCleanSwiftUITests/Info.plist;
				LD_RUNPATH_SEARCH_PATHS = (
					"$(inherited)",
					"@executable_path/Frameworks",
					"@loader_path/Frameworks",
				);
				PRODUCT_BUNDLE_IDENTIFIER = de.test.SocialAppCleanSwiftUITests;
				PRODUCT_NAME = "$(TARGET_NAME)";
				SWIFT_VERSION = 5.0;
				TARGETED_DEVICE_FAMILY = "1,2";
				TEST_TARGET_NAME = SocialAppCleanSwift;
			};
			name = Debug;
		};
		24CF042B256FC00000F92B49 /* Release */ = {
			isa = XCBuildConfiguration;
			baseConfigurationReference = 5EBAA5C9B3ECDE7324BFDEF8 /* Pods-SocialAppCleanSwift-SocialAppCleanSwiftUITests.release.xcconfig */;
			buildSettings = {
				ALWAYS_EMBED_SWIFT_STANDARD_LIBRARIES = YES;
				CODE_SIGN_STYLE = Automatic;
				DEVELOPMENT_TEAM = 8495WNP42U;
				INFOPLIST_FILE = SocialAppCleanSwiftUITests/Info.plist;
				LD_RUNPATH_SEARCH_PATHS = (
					"$(inherited)",
					"@executable_path/Frameworks",
					"@loader_path/Frameworks",
				);
				PRODUCT_BUNDLE_IDENTIFIER = de.test.SocialAppCleanSwiftUITests;
				PRODUCT_NAME = "$(TARGET_NAME)";
				SWIFT_VERSION = 5.0;
				TARGETED_DEVICE_FAMILY = "1,2";
				TEST_TARGET_NAME = SocialAppCleanSwift;
			};
			name = Release;
		};
/* End XCBuildConfiguration section */

/* Begin XCConfigurationList section */
		24CF03F4256FBFFE00F92B49 /* Build configuration list for PBXProject "SocialAppCleanSwift" */ = {
			isa = XCConfigurationList;
			buildConfigurations = (
				24CF0421256FC00000F92B49 /* Debug */,
				24CF0422256FC00000F92B49 /* Release */,
			);
			defaultConfigurationIsVisible = 0;
			defaultConfigurationName = Release;
		};
		24CF0423256FC00000F92B49 /* Build configuration list for PBXNativeTarget "SocialAppCleanSwift" */ = {
			isa = XCConfigurationList;
			buildConfigurations = (
				24CF0424256FC00000F92B49 /* Debug */,
				24CF0425256FC00000F92B49 /* Release */,
			);
			defaultConfigurationIsVisible = 0;
			defaultConfigurationName = Release;
		};
		24CF0426256FC00000F92B49 /* Build configuration list for PBXNativeTarget "SocialAppCleanSwiftTests" */ = {
			isa = XCConfigurationList;
			buildConfigurations = (
				24CF0427256FC00000F92B49 /* Debug */,
				24CF0428256FC00000F92B49 /* Release */,
			);
			defaultConfigurationIsVisible = 0;
			defaultConfigurationName = Release;
		};
		24CF0429256FC00000F92B49 /* Build configuration list for PBXNativeTarget "SocialAppCleanSwiftUITests" */ = {
			isa = XCConfigurationList;
			buildConfigurations = (
				24CF042A256FC00000F92B49 /* Debug */,
				24CF042B256FC00000F92B49 /* Release */,
			);
			defaultConfigurationIsVisible = 0;
			defaultConfigurationName = Release;
		};
/* End XCConfigurationList section */
	};
	rootObject = 24CF03F1256FBFFE00F92B49 /* Project object */;
}
